
Microsoft Visual Studio Solution File, Format Version 12.00
# Visual Studio Version 17
VisualStudioVersion = 17.2.32516.85
MinimumVisualStudioVersion = 10.0.40219.1
Project("{FAE04EC0-301F-11D3-BF4B-00C04F79EFBC}") = "20_2", "20_2.csproj", "{5E25B5A1-0F2D-414B-89E2-13F224CFE4B8}"
EndProject
Global
	GlobalSection(SolutionConfigurationPlatforms) = preSolution
		Debug|Any CPU = Debug|Any CPU
		Release|Any CPU = Release|Any CPU
	EndGlobalSection
	GlobalSection(ProjectConfigurationPlatforms) = postSolution
		{5E25B5A1-0F2D-414B-89E2-13F224CFE4B8}.Debug|Any CPU.ActiveCfg = Debug|Any CPU
		{5E25B5A1-0F2D-414B-89E2-13F224CFE4B8}.Debug|Any CPU.Build.0 = Debug|Any CPU
		{5E25B5A1-0F2D-414B-89E2-13F224CFE4B8}.Release|Any CPU.ActiveCfg = Release|Any CPU
		{5E25B5A1-0F2D-414B-89E2-13F224CFE4B8}.Release|Any CPU.Build.0 = Release|Any CPU
	EndGlobalSection
	GlobalSection(SolutionProperties) = preSolution
		HideSolutionNode = FALSE
	EndGlobalSection
	GlobalSection(ExtensibilityGlobals) = postSolution
		SolutionGuid = {18FED42D-AB47-45BB-BA8D-63B72CF1398E}
	EndGlobalSection
EndGlobal
